
Microsoft Visual Studio Solution File, Format Version 12.00
# Visual Studio 15
VisualStudioVersion = 15.0.28307.1684
MinimumVisualStudioVersion = 10.0.40219.1
Project("{FAE04EC0-301F-11D3-BF4B-00C04F79EFBC}") = "Krotki", "Krotki\Krotki.csproj", "{6E82559A-81E5-47A8-A8F5-1F61513F375B}"
EndProject
Project("{FAE04EC0-301F-11D3-BF4B-00C04F79EFBC}") = "MaszynaTuringa", "MaszynaTuringa\MaszynaTuringa.csproj", "{C54576F8-8D6C-4760-B4D7-8F379D4F2130}"
EndProject
Global
	GlobalSection(SolutionConfigurationPlatforms) = preSolution
		Debug|Any CPU = Debug|Any CPU
		Release|Any CPU = Release|Any CPU
	EndGlobalSection
	GlobalSection(ProjectConfigurationPlatforms) = postSolution
		{6E82559A-81E5-47A8-A8F5-1F61513F375B}.Debug|Any CPU.ActiveCfg = Debug|Any CPU
		{6E82559A-81E5-47A8-A8F5-1F61513F375B}.Debug|Any CPU.Build.0 = Debug|Any CPU
		{6E82559A-81E5-47A8-A8F5-1F61513F375B}.Release|Any CPU.ActiveCfg = Release|Any CPU
		{6E82559A-81E5-47A8-A8F5-1F61513F375B}.Release|Any CPU.Build.0 = Release|Any CPU
		{C54576F8-8D6C-4760-B4D7-8F379D4F2130}.Debug|Any CPU.ActiveCfg = Debug|Any CPU
		{C54576F8-8D6C-4760-B4D7-8F379D4F2130}.Debug|Any CPU.Build.0 = Debug|Any CPU
		{C54576F8-8D6C-4760-B4D7-8F379D4F2130}.Release|Any CPU.ActiveCfg = Release|Any CPU
		{C54576F8-8D6C-4760-B4D7-8F379D4F2130}.Release|Any CPU.Build.0 = Release|Any CPU
	EndGlobalSection
	GlobalSection(SolutionProperties) = preSolution
		HideSolutionNode = FALSE
	EndGlobalSection
	GlobalSection(ExtensibilityGlobals) = postSolution
		SolutionGuid = {F88C5A0C-B7FE-4D3E-91D6-F8D359568B47}
	EndGlobalSection
EndGlobal
