
Microsoft Visual Studio Solution File, Format Version 12.00
# Visual Studio Version 17
VisualStudioVersion = 17.0.31912.275
MinimumVisualStudioVersion = 10.0.40219.1
Project("{FAE04EC0-301F-11D3-BF4B-00C04F79EFBC}") = "CS9", "CS9\CS9.csproj", "{D7681483-FE8C-4160-A196-2358B4722391}"
EndProject
Global
	GlobalSection(SolutionConfigurationPlatforms) = preSolution
		Debug|Any CPU = Debug|Any CPU
		Release|Any CPU = Release|Any CPU
	EndGlobalSection
	GlobalSection(ProjectConfigurationPlatforms) = postSolution
		{D7681483-FE8C-4160-A196-2358B4722391}.Debug|Any CPU.ActiveCfg = Debug|Any CPU
		{D7681483-FE8C-4160-A196-2358B4722391}.Debug|Any CPU.Build.0 = Debug|Any CPU
		{D7681483-FE8C-4160-A196-2358B4722391}.Release|Any CPU.ActiveCfg = Release|Any CPU
		{D7681483-FE8C-4160-A196-2358B4722391}.Release|Any CPU.Build.0 = Release|Any CPU
	EndGlobalSection
	GlobalSection(SolutionProperties) = preSolution
		HideSolutionNode = FALSE
	EndGlobalSection
	GlobalSection(ExtensibilityGlobals) = postSolution
		SolutionGuid = {855C4413-4F75-49F9-A3F3-21D80D00E635}
	EndGlobalSection
EndGlobal
